
Microsoft Visual Studio Solution File, Format Version 12.00
# Visual Studio Version 17
VisualStudioVersion = 17.10.35122.118
MinimumVisualStudioVersion = 10.0.40219.1
Project("{F184B08F-C81C-45F6-A57F-5ABD9991F28F}") = "LinearSearch", "LinearSearch.vbproj", "{4815DA3B-A0D4-4D04-83A4-124E65DFDC27}"
EndProject
Global
	GlobalSection(SolutionConfigurationPlatforms) = preSolution
		Debug|Any CPU = Debug|Any CPU
		Release|Any CPU = Release|Any CPU
	EndGlobalSection
	GlobalSection(ProjectConfigurationPlatforms) = postSolution
		{4815DA3B-A0D4-4D04-83A4-124E65DFDC27}.Debug|Any CPU.ActiveCfg = Debug|Any CPU
		{4815DA3B-A0D4-4D04-83A4-124E65DFDC27}.Debug|Any CPU.Build.0 = Debug|Any CPU
		{4815DA3B-A0D4-4D04-83A4-124E65DFDC27}.Release|Any CPU.ActiveCfg = Release|Any CPU
		{4815DA3B-A0D4-4D04-83A4-124E65DFDC27}.Release|Any CPU.Build.0 = Release|Any CPU
	EndGlobalSection
	GlobalSection(SolutionProperties) = preSolution
		HideSolutionNode = FALSE
	EndGlobalSection
	GlobalSection(ExtensibilityGlobals) = postSolution
		SolutionGuid = {795E7F0F-51D4-4F1C-B039-F3CD931C4CF5}
	EndGlobalSection
EndGlobal
