
Microsoft Visual Studio Solution File, Format Version 12.00
# Visual Studio Version 17
VisualStudioVersion = 17.10.35122.118
MinimumVisualStudioVersion = 10.0.40219.1
Project("{F184B08F-C81C-45F6-A57F-5ABD9991F28F}") = "2D Arrays & Nested Loops", "2D Arrays & Nested Loops.vbproj", "{092821AA-654F-4FF1-8A2A-F3EDDF4CCA5C}"
EndProject
Global
	GlobalSection(SolutionConfigurationPlatforms) = preSolution
		Debug|Any CPU = Debug|Any CPU
		Release|Any CPU = Release|Any CPU
	EndGlobalSection
	GlobalSection(ProjectConfigurationPlatforms) = postSolution
		{092821AA-654F-4FF1-8A2A-F3EDDF4CCA5C}.Debug|Any CPU.ActiveCfg = Debug|Any CPU
		{092821AA-654F-4FF1-8A2A-F3EDDF4CCA5C}.Debug|Any CPU.Build.0 = Debug|Any CPU
		{092821AA-654F-4FF1-8A2A-F3EDDF4CCA5C}.Release|Any CPU.ActiveCfg = Release|Any CPU
		{092821AA-654F-4FF1-8A2A-F3EDDF4CCA5C}.Release|Any CPU.Build.0 = Release|Any CPU
	EndGlobalSection
	GlobalSection(SolutionProperties) = preSolution
		HideSolutionNode = FALSE
	EndGlobalSection
	GlobalSection(ExtensibilityGlobals) = postSolution
		SolutionGuid = {C9EFE2D2-DD75-480A-819A-F507D1D6C27A}
	EndGlobalSection
EndGlobal
