
Microsoft Visual Studio Solution File, Format Version 12.00
# Visual Studio Version 17
VisualStudioVersion = 17.11.35017.193
MinimumVisualStudioVersion = 10.0.40219.1
Project("{9A19103F-16F7-4668-BE54-9A1E7A4F7556}") = "SampleConsole", "SampleConsole\SampleConsole.csproj", "{2E89CC63-DE2B-45BB-98E1-44F5E23D9BFC}"
EndProject
Project("{FAE04EC0-301F-11D3-BF4B-00C04F79EFBC}") = "Console2", "Console2\Console2.csproj", "{F549F337-FD02-47E9-B850-2B30D3631024}"
EndProject
Global
	GlobalSection(SolutionConfigurationPlatforms) = preSolution
		Debug|Any CPU = Debug|Any CPU
		Release|Any CPU = Release|Any CPU
	EndGlobalSection
	GlobalSection(ProjectConfigurationPlatforms) = postSolution
		{2E89CC63-DE2B-45BB-98E1-44F5E23D9BFC}.Debug|Any CPU.ActiveCfg = Debug|Any CPU
		{2E89CC63-DE2B-45BB-98E1-44F5E23D9BFC}.Debug|Any CPU.Build.0 = Debug|Any CPU
		{2E89CC63-DE2B-45BB-98E1-44F5E23D9BFC}.Release|Any CPU.ActiveCfg = Release|Any CPU
		{2E89CC63-DE2B-45BB-98E1-44F5E23D9BFC}.Release|Any CPU.Build.0 = Release|Any CPU
		{F549F337-FD02-47E9-B850-2B30D3631024}.Debug|Any CPU.ActiveCfg = Debug|Any CPU
		{F549F337-FD02-47E9-B850-2B30D3631024}.Debug|Any CPU.Build.0 = Debug|Any CPU
		{F549F337-FD02-47E9-B850-2B30D3631024}.Release|Any CPU.ActiveCfg = Release|Any CPU
		{F549F337-FD02-47E9-B850-2B30D3631024}.Release|Any CPU.Build.0 = Release|Any CPU
	EndGlobalSection
	GlobalSection(SolutionProperties) = preSolution
		HideSolutionNode = FALSE
	EndGlobalSection
	GlobalSection(ExtensibilityGlobals) = postSolution
		SolutionGuid = {8ED0C8E0-F451-44B9-9F65-C00BB29E2C5F}
	EndGlobalSection
EndGlobal
